
Microsoft Visual Studio Solution File, Format Version 12.00
# Visual Studio 14
VisualStudioVersion = 14.0.23107.0
MinimumVisualStudioVersion = 10.0.40219.1
Project("{FAE04EC0-301F-11D3-BF4B-00C04F79EFBC}") = "SocketTest", "SocketTest\SocketTest.csproj", "{1D997A27-6196-4F95-9638-D5F16998413F}"
EndProject
Project("{FAE04EC0-301F-11D3-BF4B-00C04F79EFBC}") = "SocketTest_server", "SocketTest_server\SocketTest_server.csproj", "{1C99ABF9-870C-4C60-82D1-268E07F413F1}"
EndProject
Project("{FAE04EC0-301F-11D3-BF4B-00C04F79EFBC}") = "ObooltNet", "C:\Users\liser\Documents\GitHub\ObooltNet-NET4-Support\ObooltNet\ObooltNet\ObooltNet.csproj", "{3C27C093-5BF5-43B4-A5A2-25A33B94434A}"
EndProject
Global
	GlobalSection(SolutionConfigurationPlatforms) = preSolution
		Debug|Any CPU = Debug|Any CPU
		Release|Any CPU = Release|Any CPU
	EndGlobalSection
	GlobalSection(ProjectConfigurationPlatforms) = postSolution
		{1D997A27-6196-4F95-9638-D5F16998413F}.Debug|Any CPU.ActiveCfg = Debug|Any CPU
		{1D997A27-6196-4F95-9638-D5F16998413F}.Debug|Any CPU.Build.0 = Debug|Any CPU
		{1D997A27-6196-4F95-9638-D5F16998413F}.Release|Any CPU.ActiveCfg = Release|Any CPU
		{1D997A27-6196-4F95-9638-D5F16998413F}.Release|Any CPU.Build.0 = Release|Any CPU
		{1C99ABF9-870C-4C60-82D1-268E07F413F1}.Debug|Any CPU.ActiveCfg = Debug|Any CPU
		{1C99ABF9-870C-4C60-82D1-268E07F413F1}.Debug|Any CPU.Build.0 = Debug|Any CPU
		{1C99ABF9-870C-4C60-82D1-268E07F413F1}.Release|Any CPU.ActiveCfg = Release|Any CPU
		{1C99ABF9-870C-4C60-82D1-268E07F413F1}.Release|Any CPU.Build.0 = Release|Any CPU
		{3C27C093-5BF5-43B4-A5A2-25A33B94434A}.Debug|Any CPU.ActiveCfg = Debug|Any CPU
		{3C27C093-5BF5-43B4-A5A2-25A33B94434A}.Debug|Any CPU.Build.0 = Debug|Any CPU
		{3C27C093-5BF5-43B4-A5A2-25A33B94434A}.Release|Any CPU.ActiveCfg = Release|Any CPU
		{3C27C093-5BF5-43B4-A5A2-25A33B94434A}.Release|Any CPU.Build.0 = Release|Any CPU
	EndGlobalSection
	GlobalSection(SolutionProperties) = preSolution
		HideSolutionNode = FALSE
	EndGlobalSection
EndGlobal
